
Microsoft Visual Studio Solution File, Format Version 12.00
# Visual Studio Version 16
VisualStudioVersion = 16.0.31005.135
MinimumVisualStudioVersion = 10.0.40219.1
Project("{FAE04EC0-301F-11D3-BF4B-00C04F79EFBC}") = "SalesWebMvc", "SalesWebMvc\SalesWebMvc.csproj", "{C2411462-3A9E-485E-B82C-348F0414DA1F}"
EndProject
Global
	GlobalSection(SolutionConfigurationPlatforms) = preSolution
		Debug|Any CPU = Debug|Any CPU
		Release|Any CPU = Release|Any CPU
	EndGlobalSection
	GlobalSection(ProjectConfigurationPlatforms) = postSolution
		{C2411462-3A9E-485E-B82C-348F0414DA1F}.Debug|Any CPU.ActiveCfg = Debug|Any CPU
		{C2411462-3A9E-485E-B82C-348F0414DA1F}.Debug|Any CPU.Build.0 = Debug|Any CPU
		{C2411462-3A9E-485E-B82C-348F0414DA1F}.Release|Any CPU.ActiveCfg = Release|Any CPU
		{C2411462-3A9E-485E-B82C-348F0414DA1F}.Release|Any CPU.Build.0 = Release|Any CPU
	EndGlobalSection
	GlobalSection(SolutionProperties) = preSolution
		HideSolutionNode = FALSE
	EndGlobalSection
	GlobalSection(ExtensibilityGlobals) = postSolution
		SolutionGuid = {3A4F1CBF-BF4E-4B37-89FF-A952CD7C5218}
	EndGlobalSection
EndGlobal
